
Microsoft Visual Studio Solution File, Format Version 12.00
# Visual Studio Version 16
VisualStudioVersion = 16.0.32002.261
MinimumVisualStudioVersion = 10.0.40219.1
Project("{FAE04EC0-301F-11D3-BF4B-00C04F79EFBC}") = "CVSiteGrupp15", "CVSiteGrupp15\CVSiteGrupp15.csproj", "{80727022-D9EC-4E8F-9AD8-B61F309A0F53}"
EndProject
Project("{FAE04EC0-301F-11D3-BF4B-00C04F79EFBC}") = "Data", "Data\Data.csproj", "{F181175F-05E4-496B-B2CF-86BCD8785FF3}"
EndProject
Project("{FAE04EC0-301F-11D3-BF4B-00C04F79EFBC}") = "Services", "Services\Services.csproj", "{649B85E4-EF92-43CA-88D3-5F4DBF1D55DB}"
EndProject
Project("{FAE04EC0-301F-11D3-BF4B-00C04F79EFBC}") = "Shared", "Shared\Shared.csproj", "{C4528995-2350-4D1B-8E92-70B860B5DB4B}"
EndProject
Global
	GlobalSection(SolutionConfigurationPlatforms) = preSolution
		Debug|Any CPU = Debug|Any CPU
		Release|Any CPU = Release|Any CPU
	EndGlobalSection
	GlobalSection(ProjectConfigurationPlatforms) = postSolution
		{80727022-D9EC-4E8F-9AD8-B61F309A0F53}.Debug|Any CPU.ActiveCfg = Debug|Any CPU
		{80727022-D9EC-4E8F-9AD8-B61F309A0F53}.Debug|Any CPU.Build.0 = Debug|Any CPU
		{80727022-D9EC-4E8F-9AD8-B61F309A0F53}.Release|Any CPU.ActiveCfg = Release|Any CPU
		{80727022-D9EC-4E8F-9AD8-B61F309A0F53}.Release|Any CPU.Build.0 = Release|Any CPU
		{F181175F-05E4-496B-B2CF-86BCD8785FF3}.Debug|Any CPU.ActiveCfg = Debug|Any CPU
		{F181175F-05E4-496B-B2CF-86BCD8785FF3}.Debug|Any CPU.Build.0 = Debug|Any CPU
		{F181175F-05E4-496B-B2CF-86BCD8785FF3}.Release|Any CPU.ActiveCfg = Release|Any CPU
		{F181175F-05E4-496B-B2CF-86BCD8785FF3}.Release|Any CPU.Build.0 = Release|Any CPU
		{649B85E4-EF92-43CA-88D3-5F4DBF1D55DB}.Debug|Any CPU.ActiveCfg = Debug|Any CPU
		{649B85E4-EF92-43CA-88D3-5F4DBF1D55DB}.Debug|Any CPU.Build.0 = Debug|Any CPU
		{649B85E4-EF92-43CA-88D3-5F4DBF1D55DB}.Release|Any CPU.ActiveCfg = Release|Any CPU
		{649B85E4-EF92-43CA-88D3-5F4DBF1D55DB}.Release|Any CPU.Build.0 = Release|Any CPU
		{C4528995-2350-4D1B-8E92-70B860B5DB4B}.Debug|Any CPU.ActiveCfg = Debug|Any CPU
		{C4528995-2350-4D1B-8E92-70B860B5DB4B}.Debug|Any CPU.Build.0 = Debug|Any CPU
		{C4528995-2350-4D1B-8E92-70B860B5DB4B}.Release|Any CPU.ActiveCfg = Release|Any CPU
		{C4528995-2350-4D1B-8E92-70B860B5DB4B}.Release|Any CPU.Build.0 = Release|Any CPU
	EndGlobalSection
	GlobalSection(SolutionProperties) = preSolution
		HideSolutionNode = FALSE
	EndGlobalSection
	GlobalSection(ExtensibilityGlobals) = postSolution
		SolutionGuid = {6D9BCA2A-D86C-421D-AD53-A49694D85B1F}
	EndGlobalSection
EndGlobal
